
Microsoft Visual Studio Solution File, Format Version 12.00
# Visual Studio Version 17
VisualStudioVersion = 17.3.32811.315
MinimumVisualStudioVersion = 10.0.40219.1
Project("{FAE04EC0-301F-11D3-BF4B-00C04F79EFBC}") = "API", "API\API.csproj", "{F14CA62F-8C4D-48BD-83C8-E71328D67B09}"
EndProject
Global
	GlobalSection(SolutionConfigurationPlatforms) = preSolution
		Debug|Any CPU = Debug|Any CPU
		Release|Any CPU = Release|Any CPU
	EndGlobalSection
	GlobalSection(ProjectConfigurationPlatforms) = postSolution
		{F14CA62F-8C4D-48BD-83C8-E71328D67B09}.Debug|Any CPU.ActiveCfg = Debug|Any CPU
		{F14CA62F-8C4D-48BD-83C8-E71328D67B09}.Debug|Any CPU.Build.0 = Debug|Any CPU
		{F14CA62F-8C4D-48BD-83C8-E71328D67B09}.Release|Any CPU.ActiveCfg = Release|Any CPU
		{F14CA62F-8C4D-48BD-83C8-E71328D67B09}.Release|Any CPU.Build.0 = Release|Any CPU
	EndGlobalSection
	GlobalSection(SolutionProperties) = preSolution
		HideSolutionNode = FALSE
	EndGlobalSection
	GlobalSection(ExtensibilityGlobals) = postSolution
		SolutionGuid = {3528C19C-A8A1-4859-AAF7-6E0E5A19E048}
	EndGlobalSection
EndGlobal
